
Microsoft Visual Studio Solution File, Format Version 12.00
# Visual Studio Version 16
VisualStudioVersion = 16.0.32106.194
MinimumVisualStudioVersion = 10.0.40219.1
Project("{9A19103F-16F7-4668-BE54-9A1E7A4F7556}") = "DirectoriesAndFiles", "DirectoriesAndFiles\DirectoriesAndFiles.csproj", "{683C66A9-E06D-49E3-AD6E-EAF46ECFD9CE}"
EndProject
Project("{9A19103F-16F7-4668-BE54-9A1E7A4F7556}") = "DirectioriesAndFiles(v2)", "DirectioriesAndFiles(v2)\DirectioriesAndFiles(v2).csproj", "{D9E3BC3F-8347-49A1-BA1B-DA81C854F235}"
EndProject
Project("{9A19103F-16F7-4668-BE54-9A1E7A4F7556}") = "wishList", "wishList\wishList.csproj", "{9DEB2D0F-C952-402F-90B7-47BE7E598B47}"
EndProject
Project("{9A19103F-16F7-4668-BE54-9A1E7A4F7556}") = "MyWishListFile", "MyWishListFile\MyWishListFile.csproj", "{53524643-9BEC-43A6-B07B-72FA74AEBD41}"
EndProject
Project("{FAE04EC0-301F-11D3-BF4B-00C04F79EFBC}") = "myShopingList", "myShopingList\myShopingList.csproj", "{4E151A4E-A3CA-42E1-86BC-44CECE37BDBA}"
EndProject
Global
	GlobalSection(SolutionConfigurationPlatforms) = preSolution
		Debug|Any CPU = Debug|Any CPU
		Release|Any CPU = Release|Any CPU
	EndGlobalSection
	GlobalSection(ProjectConfigurationPlatforms) = postSolution
		{683C66A9-E06D-49E3-AD6E-EAF46ECFD9CE}.Debug|Any CPU.ActiveCfg = Debug|Any CPU
		{683C66A9-E06D-49E3-AD6E-EAF46ECFD9CE}.Debug|Any CPU.Build.0 = Debug|Any CPU
		{683C66A9-E06D-49E3-AD6E-EAF46ECFD9CE}.Release|Any CPU.ActiveCfg = Release|Any CPU
		{683C66A9-E06D-49E3-AD6E-EAF46ECFD9CE}.Release|Any CPU.Build.0 = Release|Any CPU
		{D9E3BC3F-8347-49A1-BA1B-DA81C854F235}.Debug|Any CPU.ActiveCfg = Debug|Any CPU
		{D9E3BC3F-8347-49A1-BA1B-DA81C854F235}.Debug|Any CPU.Build.0 = Debug|Any CPU
		{D9E3BC3F-8347-49A1-BA1B-DA81C854F235}.Release|Any CPU.ActiveCfg = Release|Any CPU
		{D9E3BC3F-8347-49A1-BA1B-DA81C854F235}.Release|Any CPU.Build.0 = Release|Any CPU
		{9DEB2D0F-C952-402F-90B7-47BE7E598B47}.Debug|Any CPU.ActiveCfg = Debug|Any CPU
		{9DEB2D0F-C952-402F-90B7-47BE7E598B47}.Debug|Any CPU.Build.0 = Debug|Any CPU
		{9DEB2D0F-C952-402F-90B7-47BE7E598B47}.Release|Any CPU.ActiveCfg = Release|Any CPU
		{9DEB2D0F-C952-402F-90B7-47BE7E598B47}.Release|Any CPU.Build.0 = Release|Any CPU
		{53524643-9BEC-43A6-B07B-72FA74AEBD41}.Debug|Any CPU.ActiveCfg = Debug|Any CPU
		{53524643-9BEC-43A6-B07B-72FA74AEBD41}.Debug|Any CPU.Build.0 = Debug|Any CPU
		{53524643-9BEC-43A6-B07B-72FA74AEBD41}.Release|Any CPU.ActiveCfg = Release|Any CPU
		{53524643-9BEC-43A6-B07B-72FA74AEBD41}.Release|Any CPU.Build.0 = Release|Any CPU
		{4E151A4E-A3CA-42E1-86BC-44CECE37BDBA}.Debug|Any CPU.ActiveCfg = Debug|Any CPU
		{4E151A4E-A3CA-42E1-86BC-44CECE37BDBA}.Debug|Any CPU.Build.0 = Debug|Any CPU
		{4E151A4E-A3CA-42E1-86BC-44CECE37BDBA}.Release|Any CPU.ActiveCfg = Release|Any CPU
		{4E151A4E-A3CA-42E1-86BC-44CECE37BDBA}.Release|Any CPU.Build.0 = Release|Any CPU
	EndGlobalSection
	GlobalSection(SolutionProperties) = preSolution
		HideSolutionNode = FALSE
	EndGlobalSection
	GlobalSection(ExtensibilityGlobals) = postSolution
		SolutionGuid = {0BEDC5C5-65C7-4E4B-A0C9-F937BBC001CB}
	EndGlobalSection
EndGlobal
